
Microsoft Visual Studio Solution File, Format Version 12.00
# Visual Studio Version 16
VisualStudioVersion = 16.0.30011.22
MinimumVisualStudioVersion = 10.0.40219.1
Project("{9A19103F-16F7-4668-BE54-9A1E7A4F7556}") = "auto-kite", "auto-kite\auto-kite.csproj", "{8DB8B104-5644-4664-B480-61ED35D9705B}"
EndProject
Project("{FAE04EC0-301F-11D3-BF4B-00C04F79EFBC}") = "DetectColor", "DetectColor\DetectColor.csproj", "{FF0DCA43-CD2C-4910-8265-66DA2866FF5F}"
EndProject
Global
	GlobalSection(SolutionConfigurationPlatforms) = preSolution
		Debug|Any CPU = Debug|Any CPU
		Debug|x64 = Debug|x64
		Debug|x86 = Debug|x86
		Release|Any CPU = Release|Any CPU
		Release|x64 = Release|x64
		Release|x86 = Release|x86
	EndGlobalSection
	GlobalSection(ProjectConfigurationPlatforms) = postSolution
		{8DB8B104-5644-4664-B480-61ED35D9705B}.Debug|Any CPU.ActiveCfg = Debug|Any CPU
		{8DB8B104-5644-4664-B480-61ED35D9705B}.Debug|Any CPU.Build.0 = Debug|Any CPU
		{8DB8B104-5644-4664-B480-61ED35D9705B}.Debug|x64.ActiveCfg = Debug|Any CPU
		{8DB8B104-5644-4664-B480-61ED35D9705B}.Debug|x64.Build.0 = Debug|Any CPU
		{8DB8B104-5644-4664-B480-61ED35D9705B}.Debug|x86.ActiveCfg = Debug|Any CPU
		{8DB8B104-5644-4664-B480-61ED35D9705B}.Debug|x86.Build.0 = Debug|Any CPU
		{8DB8B104-5644-4664-B480-61ED35D9705B}.Release|Any CPU.ActiveCfg = Release|Any CPU
		{8DB8B104-5644-4664-B480-61ED35D9705B}.Release|Any CPU.Build.0 = Release|Any CPU
		{8DB8B104-5644-4664-B480-61ED35D9705B}.Release|x64.ActiveCfg = Release|Any CPU
		{8DB8B104-5644-4664-B480-61ED35D9705B}.Release|x64.Build.0 = Release|Any CPU
		{8DB8B104-5644-4664-B480-61ED35D9705B}.Release|x86.ActiveCfg = Release|Any CPU
		{8DB8B104-5644-4664-B480-61ED35D9705B}.Release|x86.Build.0 = Release|Any CPU
		{FF0DCA43-CD2C-4910-8265-66DA2866FF5F}.Debug|Any CPU.ActiveCfg = Debug|Any CPU
		{FF0DCA43-CD2C-4910-8265-66DA2866FF5F}.Debug|Any CPU.Build.0 = Debug|Any CPU
		{FF0DCA43-CD2C-4910-8265-66DA2866FF5F}.Debug|x64.ActiveCfg = Debug|Any CPU
		{FF0DCA43-CD2C-4910-8265-66DA2866FF5F}.Debug|x64.Build.0 = Debug|Any CPU
		{FF0DCA43-CD2C-4910-8265-66DA2866FF5F}.Debug|x86.ActiveCfg = Debug|Any CPU
		{FF0DCA43-CD2C-4910-8265-66DA2866FF5F}.Debug|x86.Build.0 = Debug|Any CPU
		{FF0DCA43-CD2C-4910-8265-66DA2866FF5F}.Release|Any CPU.ActiveCfg = Release|Any CPU
		{FF0DCA43-CD2C-4910-8265-66DA2866FF5F}.Release|Any CPU.Build.0 = Release|Any CPU
		{FF0DCA43-CD2C-4910-8265-66DA2866FF5F}.Release|x64.ActiveCfg = Release|Any CPU
		{FF0DCA43-CD2C-4910-8265-66DA2866FF5F}.Release|x64.Build.0 = Release|Any CPU
		{FF0DCA43-CD2C-4910-8265-66DA2866FF5F}.Release|x86.ActiveCfg = Release|Any CPU
		{FF0DCA43-CD2C-4910-8265-66DA2866FF5F}.Release|x86.Build.0 = Release|Any CPU
	EndGlobalSection
	GlobalSection(SolutionProperties) = preSolution
		HideSolutionNode = FALSE
	EndGlobalSection
	GlobalSection(ExtensibilityGlobals) = postSolution
		SolutionGuid = {9C1B9070-BB78-4687-BFA2-11AF85927F6A}
	EndGlobalSection
EndGlobal
